{
  "nodes": {
    "cargo-nix-plugin": {
      "flake": false,
      "locked": {
        "lastModified": 1788350407,
        "narHash": "sha256-+5iHyms45bNU2zKyIiEy19zgQaNUh1CBYkayXMB5Pr8=",
        "ref": "main",
        "rev": "266948c99232d8e63cbc0d70f71ac9ea8c2b4a54",
        "revCount": 131,
        "type": "git",
        "url": "ssh://git@git.mesh:2222/MrVampy/cargo-nix-plugin.git"
      },
      "original": {
        "ref": "main",
        "type": "git",
        "url": "ssh://git@git.mesh:2222/MrVampy/cargo-nix-plugin.git"
      }
    },
    "nixpkgs": {
      "locked": {
        "lastModified": 1788179007,
        "narHash": "sha256-hn1oU2rue2SYK8dAr8+WNZWtbsz1S2W5mnHlSEuh3bo=",
        "owner": "NixOS",
        "repo": "nixpkgs",
        "rev": "34ab99075ac4f7e40cf037eef32cb1c360bb85e9",
        "type": "github"
      },
      "original": {
        "owner": "NixOS",
        "ref": "nixos-unstable",
        "repo": "nixpkgs",
        "type": "github"
      }
    },
    "root": {
      "inputs": {
        "cargo-nix-plugin": "cargo-nix-plugin",
        "nixpkgs": "nixpkgs"
      }
    }
  },
  "root": "root",
  "version": 7
}
