{
  "nodes": {
    "cargo-nix-plugin": {
      "flake": false,
      "locked": {
        "lastModified": 1788198307,
        "narHash": "sha256-U5tVJ/8lMPoy5mP4hZU7kbpRb6S7pE/hp9ksYqpibI0=",
        "ref": "main",
        "rev": "a7420c8bb046807ce9823d400ef5ae9d49d46a3e",
        "revCount": 128,
        "type": "git",
        "url": "ssh://git@git.mesh:2222/MrVampy/cargo-nix-plugin.git"
      },
      "original": {
        "ref": "main",
        "type": "git",
        "url": "ssh://git@git.mesh:2222/MrVampy/cargo-nix-plugin.git"
      }
    },
    "nixpkgs": {
      "locked": {
        "lastModified": 1788039129,
        "narHash": "sha256-pa4Q0qErvCvzCaaUph7Sm37RhR4xvPrYI8Lgz6k85+A=",
        "owner": "NixOS",
        "repo": "nixpkgs",
        "rev": "d2f67949798825fe853f7c5d0492b8bf016d3f88",
        "type": "github"
      },
      "original": {
        "owner": "NixOS",
        "ref": "nixos-unstable",
        "repo": "nixpkgs",
        "type": "github"
      }
    },
    "root": {
      "inputs": {
        "cargo-nix-plugin": "cargo-nix-plugin",
        "nixpkgs": "nixpkgs"
      }
    }
  },
  "root": "root",
  "version": 7
}
